
Microsoft Visual Studio Solution File, Format Version 12.00
# Visual Studio 15
VisualStudioVersion = 15.0.27130.2027
MinimumVisualStudioVersion = 10.0.40219.1
Project("{9A19103F-16F7-4668-BE54-9A1E7A4F7556}") = "TicTacToe", "TicTacToe\TicTacToe.csproj", "{1C07D1F5-595A-43F8-95B4-0E3BD5CBD171}"
EndProject
Project("{9A19103F-16F7-4668-BE54-9A1E7A4F7556}") = "TicTacToe.BL", "TIcTacToe.BL\TicTacToe.BL.csproj", "{F327ADE2-161C-493C-8AB7-3226544443C3}"
EndProject
Project("{FAE04EC0-301F-11D3-BF4B-00C04F79EFBC}") = "TicTacToe.UnitTests", "TicTacToe.UnitTests\TicTacToe.UnitTests.csproj", "{C051B3EF-116A-4A04-A658-3A64DAB48A89}"
EndProject
Global
	GlobalSection(SolutionConfigurationPlatforms) = preSolution
		Debug|Any CPU = Debug|Any CPU
		Release|Any CPU = Release|Any CPU
	EndGlobalSection
	GlobalSection(ProjectConfigurationPlatforms) = postSolution
		{1C07D1F5-595A-43F8-95B4-0E3BD5CBD171}.Debug|Any CPU.ActiveCfg = Debug|Any CPU
		{1C07D1F5-595A-43F8-95B4-0E3BD5CBD171}.Debug|Any CPU.Build.0 = Debug|Any CPU
		{1C07D1F5-595A-43F8-95B4-0E3BD5CBD171}.Release|Any CPU.ActiveCfg = Release|Any CPU
		{1C07D1F5-595A-43F8-95B4-0E3BD5CBD171}.Release|Any CPU.Build.0 = Release|Any CPU
		{F327ADE2-161C-493C-8AB7-3226544443C3}.Debug|Any CPU.ActiveCfg = Debug|Any CPU
		{F327ADE2-161C-493C-8AB7-3226544443C3}.Debug|Any CPU.Build.0 = Debug|Any CPU
		{F327ADE2-161C-493C-8AB7-3226544443C3}.Release|Any CPU.ActiveCfg = Release|Any CPU
		{F327ADE2-161C-493C-8AB7-3226544443C3}.Release|Any CPU.Build.0 = Release|Any CPU
		{C051B3EF-116A-4A04-A658-3A64DAB48A89}.Debug|Any CPU.ActiveCfg = Debug|Any CPU
		{C051B3EF-116A-4A04-A658-3A64DAB48A89}.Debug|Any CPU.Build.0 = Debug|Any CPU
		{C051B3EF-116A-4A04-A658-3A64DAB48A89}.Release|Any CPU.ActiveCfg = Release|Any CPU
		{C051B3EF-116A-4A04-A658-3A64DAB48A89}.Release|Any CPU.Build.0 = Release|Any CPU
	EndGlobalSection
	GlobalSection(SolutionProperties) = preSolution
		HideSolutionNode = FALSE
	EndGlobalSection
	GlobalSection(ExtensibilityGlobals) = postSolution
		SolutionGuid = {401A4D40-9BF2-44F8-9EEF-2FA2979B4FA7}
	EndGlobalSection
EndGlobal
